
Microsoft Visual Studio Solution File, Format Version 12.00
# Visual Studio Version 16
VisualStudioVersion = 16.0.29806.167
MinimumVisualStudioVersion = 10.0.40219.1
Project("{9A19103F-16F7-4668-BE54-9A1E7A4F7556}") = "musicalogAPI", "musicalogProj\musicalogAPI.csproj", "{2DA95576-8DB0-4268-B977-AB837E18C5E5}"
EndProject
Project("{9A19103F-16F7-4668-BE54-9A1E7A4F7556}") = "DataModel", "DataModel\DataModel.csproj", "{435CEC07-1A4B-4B7A-BBA2-1A89F816E1D6}"
EndProject
Project("{9A19103F-16F7-4668-BE54-9A1E7A4F7556}") = "Services", "Services\Services.csproj", "{D12CEB87-4681-424D-92E3-38FFC5C0096F}"
EndProject
Project("{9A19103F-16F7-4668-BE54-9A1E7A4F7556}") = "Tests", "Tests\Tests.csproj", "{9BD4D602-52C4-44D2-8AEC-F406B7DCE8D6}"
	ProjectSection(ProjectDependencies) = postProject
		{2DA95576-8DB0-4268-B977-AB837E18C5E5} = {2DA95576-8DB0-4268-B977-AB837E18C5E5}
	EndProjectSection
EndProject
Global
	GlobalSection(SolutionConfigurationPlatforms) = preSolution
		Debug|Any CPU = Debug|Any CPU
		Release|Any CPU = Release|Any CPU
	EndGlobalSection
	GlobalSection(ProjectConfigurationPlatforms) = postSolution
		{2DA95576-8DB0-4268-B977-AB837E18C5E5}.Debug|Any CPU.ActiveCfg = Debug|Any CPU
		{2DA95576-8DB0-4268-B977-AB837E18C5E5}.Debug|Any CPU.Build.0 = Debug|Any CPU
		{2DA95576-8DB0-4268-B977-AB837E18C5E5}.Release|Any CPU.ActiveCfg = Release|Any CPU
		{2DA95576-8DB0-4268-B977-AB837E18C5E5}.Release|Any CPU.Build.0 = Release|Any CPU
		{435CEC07-1A4B-4B7A-BBA2-1A89F816E1D6}.Debug|Any CPU.ActiveCfg = Debug|Any CPU
		{435CEC07-1A4B-4B7A-BBA2-1A89F816E1D6}.Debug|Any CPU.Build.0 = Debug|Any CPU
		{435CEC07-1A4B-4B7A-BBA2-1A89F816E1D6}.Release|Any CPU.ActiveCfg = Release|Any CPU
		{435CEC07-1A4B-4B7A-BBA2-1A89F816E1D6}.Release|Any CPU.Build.0 = Release|Any CPU
		{D12CEB87-4681-424D-92E3-38FFC5C0096F}.Debug|Any CPU.ActiveCfg = Debug|Any CPU
		{D12CEB87-4681-424D-92E3-38FFC5C0096F}.Debug|Any CPU.Build.0 = Debug|Any CPU
		{D12CEB87-4681-424D-92E3-38FFC5C0096F}.Release|Any CPU.ActiveCfg = Release|Any CPU
		{D12CEB87-4681-424D-92E3-38FFC5C0096F}.Release|Any CPU.Build.0 = Release|Any CPU
		{9BD4D602-52C4-44D2-8AEC-F406B7DCE8D6}.Debug|Any CPU.ActiveCfg = Debug|Any CPU
		{9BD4D602-52C4-44D2-8AEC-F406B7DCE8D6}.Debug|Any CPU.Build.0 = Debug|Any CPU
		{9BD4D602-52C4-44D2-8AEC-F406B7DCE8D6}.Release|Any CPU.ActiveCfg = Release|Any CPU
		{9BD4D602-52C4-44D2-8AEC-F406B7DCE8D6}.Release|Any CPU.Build.0 = Release|Any CPU
	EndGlobalSection
	GlobalSection(SolutionProperties) = preSolution
		HideSolutionNode = FALSE
	EndGlobalSection
	GlobalSection(ExtensibilityGlobals) = postSolution
		SolutionGuid = {762C27C3-6831-4C10-ACFC-AD2FEBCF8A97}
	EndGlobalSection
EndGlobal
